
Microsoft Visual Studio Solution File, Format Version 12.00
# Visual Studio Version 17
VisualStudioVersion = 17.3.32804.467
MinimumVisualStudioVersion = 10.0.40219.1
Project("{FAE04EC0-301F-11D3-BF4B-00C04F79EFBC}") = "ApplicationDev", "ApplicationDev.csproj", "{C390032E-0182-4535-81EC-A1456DAA400D}"
EndProject
Global
	GlobalSection(SolutionConfigurationPlatforms) = preSolution
		Debug|Any CPU = Debug|Any CPU
		Release|Any CPU = Release|Any CPU
	EndGlobalSection
	GlobalSection(ProjectConfigurationPlatforms) = postSolution
		{C390032E-0182-4535-81EC-A1456DAA400D}.Debug|Any CPU.ActiveCfg = Debug|Any CPU
		{C390032E-0182-4535-81EC-A1456DAA400D}.Debug|Any CPU.Build.0 = Debug|Any CPU
		{C390032E-0182-4535-81EC-A1456DAA400D}.Release|Any CPU.ActiveCfg = Release|Any CPU
		{C390032E-0182-4535-81EC-A1456DAA400D}.Release|Any CPU.Build.0 = Release|Any CPU
	EndGlobalSection
	GlobalSection(SolutionProperties) = preSolution
		HideSolutionNode = FALSE
	EndGlobalSection
	GlobalSection(ExtensibilityGlobals) = postSolution
		SolutionGuid = {3765456A-F063-466C-A8CC-0014DC33FF43}
	EndGlobalSection
EndGlobal
